// !$*UTF8*$!
{
	archiveVersion = 1;
	classes = {
	};
	objectVersion = 46;
	objects = {

/* Begin PBXBuildFile section */
		B07806B21A5A56A50072CECA /* main.m in Sources */ = {isa = PBXBuildFile; fileRef = B07806B11A5A56A50072CECA /* main.m */; };
		B07806B51A5A56A50072CECA /* AppDelegate.m in Sources */ = {isa = PBXBuildFile; fileRef = B07806B41A5A56A50072CECA /* AppDelegate.m */; };
		B07806B81A5A56A50072CECA /* ViewController.m in Sources */ = {isa = PBXBuildFile; fileRef = B07806B71A5A56A50072CECA /* ViewController.m */; };
		B07806BB1A5A56A50072CECA /* Main.storyboard in Resources */ = {isa = PBXBuildFile; fileRef = B07806B91A5A56A50072CECA /* Main.storyboard */; };
		B07806BD1A5A56A50072CECA /* Images.xcassets in Resources */ = {isa = PBXBuildFile; fileRef = B07806BC1A5A56A50072CECA /* Images.xcassets */; };
		B07806C01A5A56A50072CECA /* LaunchScreen.xib in Resources */ = {isa = PBXBuildFile; fileRef = B07806BE1A5A56A50072CECA /* LaunchScreen.xib */; };
		B07806CC1A5A56A50072CECA /* ActivityViewExampleTests.m in Sources */ = {isa = PBXBuildFile; fileRef = B07806CB1A5A56A50072CECA /* ActivityViewExampleTests.m */; };
		B07806D81A5A6BBB0072CECA /* ActivityView.m in Sources */ = {isa = PBXBuildFile; fileRef = B07806D71A5A6BBB0072CECA /* ActivityView.m */; };
/* End PBXBuildFile section */

/* Begin PBXContainerItemProxy section */
		B07806C61A5A56A50072CECA /* PBXContainerItemProxy */ = {
			isa = PBXContainerItemProxy;
			containerPortal = B07806A41A5A56A50072CECA /* Project object */;
			proxyType = 1;
			remoteGlobalIDString = B07806AB1A5A56A50072CECA;
			remoteInfo = ActivityViewExample;
		};
/* End PBXContainerItemProxy section */

/* Begin PBXFileReference section */
		B07806AC1A5A56A50072CECA /* ActivityViewExample.app */ = {isa = PBXFileReference; explicitFileType = wrapper.application; includeInIndex = 0; path = ActivityViewExample.app; sourceTree = BUILT_PRODUCTS_DIR; };
		B07806B01A5A56A50072CECA /* Info.plist */ = {isa = PBXFileReference; lastKnownFileType = text.plist.xml; path = Info.plist; sourceTree = "<group>"; };
		B07806B11A5A56A50072CECA /* main.m */ = {isa = PBXFileReference; lastKnownFileType = sourcecode.c.objc; path = main.m; sourceTree = "<group>"; };
		B07806B31A5A56A50072CECA /* AppDelegate.h */ = {isa = PBXFileReference; lastKnownFileType = sourcecode.c.h; path = AppDelegate.h; sourceTree = "<group>"; };
		B07806B41A5A56A50072CECA /* AppDelegate.m */ = {isa = PBXFileReference; lastKnownFileType = sourcecode.c.objc; path = AppDelegate.m; sourceTree = "<group>"; };
		B07806B61A5A56A50072CECA /* ViewController.h */ = {isa = PBXFileReference; lastKnownFileType = sourcecode.c.h; path = ViewController.h; sourceTree = "<group>"; };
		B07806B71A5A56A50072CECA /* ViewController.m */ = {isa = PBXFileReference; lastKnownFileType = sourcecode.c.objc; path = ViewController.m; sourceTree = "<group>"; };
		B07806BA1A5A56A50072CECA /* Base */ = {isa = PBXFileReference; lastKnownFileType = file.storyboard; name = Base; path = Base.lproj/Main.storyboard; sourceTree = "<group>"; };
		B07806BC1A5A56A50072CECA /* Images.xcassets */ = {isa = PBXFileReference; lastKnownFileType = folder.assetcatalog; path = Images.xcassets; sourceTree = "<group>"; };
		B07806BF1A5A56A50072CECA /* Base */ = {isa = PBXFileReference; lastKnownFileType = file.xib; name = Base; path = Base.lproj/LaunchScreen.xib; sourceTree = "<group>"; };
		B07806C51A5A56A50072CECA /* ActivityViewExampleTests.xctest */ = {isa = PBXFileReference; explicitFileType = wrapper.cfbundle; includeInIndex = 0; path = ActivityViewExampleTests.xctest; sourceTree = BUILT_PRODUCTS_DIR; };
		B07806CA1A5A56A50072CECA /* Info.plist */ = {isa = PBXFileReference; lastKnownFileType = text.plist.xml; path = Info.plist; sourceTree = "<group>"; };
		B07806CB1A5A56A50072CECA /* ActivityViewExampleTests.m */ = {isa = PBXFileReference; lastKnownFileType = sourcecode.c.objc; path = ActivityViewExampleTests.m; sourceTree = "<group>"; };
		B07806D61A5A6BBB0072CECA /* ActivityView.h */ = {isa = PBXFileReference; fileEncoding = 4; lastKnownFileType = sourcecode.c.h; path = ActivityView.h; sourceTree = "<group>"; };
		B07806D71A5A6BBB0072CECA /* ActivityView.m */ = {isa = PBXFileReference; fileEncoding = 4; lastKnownFileType = sourcecode.c.objc; path = ActivityView.m; sourceTree = "<group>"; };
/* End PBXFileReference section */

/* Begin PBXFrameworksBuildPhase section */
		B07806A91A5A56A50072CECA /* Frameworks */ = {
			isa = PBXFrameworksBuildPhase;
			buildActionMask = 2147483647;
			files = (
			);
			runOnlyForDeploymentPostprocessing = 0;
		};
		B07806C21A5A56A50072CECA /* Frameworks */ = {
			isa = PBXFrameworksBuildPhase;
			buildActionMask = 2147483647;
			files = (
			);
			runOnlyForDeploymentPostprocessing = 0;
		};
/* End PBXFrameworksBuildPhase section */

/* Begin PBXGroup section */
		B07806A31A5A56A50072CECA = {
			isa = PBXGroup;
			children = (
				B07806AE1A5A56A50072CECA /* ActivityViewExample */,
				B07806C81A5A56A50072CECA /* ActivityViewExampleTests */,
				B07806AD1A5A56A50072CECA /* Products */,
			);
			sourceTree = "<group>";
		};
		B07806AD1A5A56A50072CECA /* Products */ = {
			isa = PBXGroup;
			children = (
				B07806AC1A5A56A50072CECA /* ActivityViewExample.app */,
				B07806C51A5A56A50072CECA /* ActivityViewExampleTests.xctest */,
			);
			name = Products;
			sourceTree = "<group>";
		};
		B07806AE1A5A56A50072CECA /* ActivityViewExample */ = {
			isa = PBXGroup;
			children = (
				B07806D51A5A6BBB0072CECA /* ActivityView */,
				B07806B31A5A56A50072CECA /* AppDelegate.h */,
				B07806B41A5A56A50072CECA /* AppDelegate.m */,
				B07806B61A5A56A50072CECA /* ViewController.h */,
				B07806B71A5A56A50072CECA /* ViewController.m */,
				B07806B91A5A56A50072CECA /* Main.storyboard */,
				B07806BC1A5A56A50072CECA /* Images.xcassets */,
				B07806BE1A5A56A50072CECA /* LaunchScreen.xib */,
				B07806AF1A5A56A50072CECA /* Supporting Files */,
			);
			path = ActivityViewExample;
			sourceTree = "<group>";
		};
		B07806AF1A5A56A50072CECA /* Supporting Files */ = {
			isa = PBXGroup;
			children = (
				B07806B01A5A56A50072CECA /* Info.plist */,
				B07806B11A5A56A50072CECA /* main.m */,
			);
			name = "Supporting Files";
			sourceTree = "<group>";
		};
		B07806C81A5A56A50072CECA /* ActivityViewExampleTests */ = {
			isa = PBXGroup;
			children = (
				B07806CB1A5A56A50072CECA /* ActivityViewExampleTests.m */,
				B07806C91A5A56A50072CECA /* Supporting Files */,
			);
			path = ActivityViewExampleTests;
			sourceTree = "<group>";
		};
		B07806C91A5A56A50072CECA /* Supporting Files */ = {
			isa = PBXGroup;
			children = (
				B07806CA1A5A56A50072CECA /* Info.plist */,
			);
			name = "Supporting Files";
			sourceTree = "<group>";
		};
		B07806D51A5A6BBB0072CECA /* ActivityView */ = {
			isa = PBXGroup;
			children = (
				B07806D61A5A6BBB0072CECA /* ActivityView.h */,
				B07806D71A5A6BBB0072CECA /* ActivityView.m */,
			);
			path = ActivityView;
			sourceTree = "<group>";
		};
/* End PBXGroup section */

/* Begin PBXNativeTarget section */
		B07806AB1A5A56A50072CECA /* ActivityViewExample */ = {
			isa = PBXNativeTarget;
			buildConfigurationList = B07806CF1A5A56A50072CECA /* Build configuration list for PBXNativeTarget "ActivityViewExample" */;
			buildPhases = (
				B07806A81A5A56A50072CECA /* Sources */,
				B07806A91A5A56A50072CECA /* Frameworks */,
				B07806AA1A5A56A50072CECA /* Resources */,
			);
			buildRules = (
			);
			dependencies = (
			);
			name = ActivityViewExample;
			productName = ActivityViewExample;
			productReference = B07806AC1A5A56A50072CECA /* ActivityViewExample.app */;
			productType = "com.apple.product-type.application";
		};
		B07806C41A5A56A50072CECA /* ActivityViewExampleTests */ = {
			isa = PBXNativeTarget;
			buildConfigurationList = B07806D21A5A56A50072CECA /* Build configuration list for PBXNativeTarget "ActivityViewExampleTests" */;
			buildPhases = (
				B07806C11A5A56A50072CECA /* Sources */,
				B07806C21A5A56A50072CECA /* Frameworks */,
				B07806C31A5A56A50072CECA /* Resources */,
			);
			buildRules = (
			);
			dependencies = (
				B07806C71A5A56A50072CECA /* PBXTargetDependency */,
			);
			name = ActivityViewExampleTests;
			productName = ActivityViewExampleTests;
			productReference = B07806C51A5A56A50072CECA /* ActivityViewExampleTests.xctest */;
			productType = "com.apple.product-type.bundle.unit-test";
		};
/* End PBXNativeTarget section */

/* Begin PBXProject section */
		B07806A41A5A56A50072CECA /* Project object */ = {
			isa = PBXProject;
			attributes = {
				LastUpgradeCheck = 0610;
				ORGANIZATIONNAME = InApp;
				TargetAttributes = {
					B07806AB1A5A56A50072CECA = {
						CreatedOnToolsVersion = 6.1;
					};
					B07806C41A5A56A50072CECA = {
						CreatedOnToolsVersion = 6.1;
						TestTargetID = B07806AB1A5A56A50072CECA;
					};
				};
			};
			buildConfigurationList = B07806A71A5A56A50072CECA /* Build configuration list for PBXProject "ActivityViewExample" */;
			compatibilityVersion = "Xcode 3.2";
			developmentRegion = English;
			hasScannedForEncodings = 0;
			knownRegions = (
				en,
				Base,
			);
			mainGroup = B07806A31A5A56A50072CECA;
			productRefGroup = B07806AD1A5A56A50072CECA /* Products */;
			projectDirPath = "";
			projectRoot = "";
			targets = (
				B07806AB1A5A56A50072CECA /* ActivityViewExample */,
				B07806C41A5A56A50072CECA /* ActivityViewExampleTests */,
			);
		};
/* End PBXProject section */

/* Begin PBXResourcesBuildPhase section */
		B07806AA1A5A56A50072CECA /* Resources */ = {
			isa = PBXResourcesBuildPhase;
			buildActionMask = 2147483647;
			files = (
				B07806BB1A5A56A50072CECA /* Main.storyboard in Resources */,
				B07806C01A5A56A50072CECA /* LaunchScreen.xib in Resources */,
				B07806BD1A5A56A50072CECA /* Images.xcassets in Resources */,
			);
			runOnlyForDeploymentPostprocessing = 0;
		};
		B07806C31A5A56A50072CECA /* Resources */ = {
			isa = PBXResourcesBuildPhase;
			buildActionMask = 2147483647;
			files = (
			);
			runOnlyForDeploymentPostprocessing = 0;
		};
/* End PBXResourcesBuildPhase section */

/* Begin PBXSourcesBuildPhase section */
		B07806A81A5A56A50072CECA /* Sources */ = {
			isa = PBXSourcesBuildPhase;
			buildActionMask = 2147483647;
			files = (
				B07806B81A5A56A50072CECA /* ViewController.m in Sources */,
				B07806D81A5A6BBB0072CECA /* ActivityView.m in Sources */,
				B07806B51A5A56A50072CECA /* AppDelegate.m in Sources */,
				B07806B21A5A56A50072CECA /* main.m in Sources */,
			);
			runOnlyForDeploymentPostprocessing = 0;
		};
		B07806C11A5A56A50072CECA /* Sources */ = {
			isa = PBXSourcesBuildPhase;
			buildActionMask = 2147483647;
			files = (
				B07806CC1A5A56A50072CECA /* ActivityViewExampleTests.m in Sources */,
			);
			runOnlyForDeploymentPostprocessing = 0;
		};
/* End PBXSourcesBuildPhase section */

/* Begin PBXTargetDependency section */
		B07806C71A5A56A50072CECA /* PBXTargetDependency */ = {
			isa = PBXTargetDependency;
			target = B07806AB1A5A56A50072CECA /* ActivityViewExample */;
			targetProxy = B07806C61A5A56A50072CECA /* PBXContainerItemProxy */;
		};
/* End PBXTargetDependency section */

/* Begin PBXVariantGroup section */
		B07806B91A5A56A50072CECA /* Main.storyboard */ = {
			isa = PBXVariantGroup;
			children = (
				B07806BA1A5A56A50072CECA /* Base */,
			);
			name = Main.storyboard;
			sourceTree = "<group>";
		};
		B07806BE1A5A56A50072CECA /* LaunchScreen.xib */ = {
			isa = PBXVariantGroup;
			children = (
				B07806BF1A5A56A50072CECA /* Base */,
			);
			name = LaunchScreen.xib;
			sourceTree = "<group>";
		};
/* End PBXVariantGroup section */

/* Begin XCBuildConfiguration section */
		B07806CD1A5A56A50072CECA /* Debug */ = {
			isa = XCBuildConfiguration;
			buildSettings = {
				ALWAYS_SEARCH_USER_PATHS = NO;
				CLANG_CXX_LANGUAGE_STANDARD = "gnu++0x";
				CLANG_CXX_LIBRARY = "libc++";
				CLANG_ENABLE_MODULES = YES;
				CLANG_ENABLE_OBJC_ARC = YES;
				CLANG_WARN_BOOL_CONVERSION = YES;
				CLANG_WARN_CONSTANT_CONVERSION = YES;
				CLANG_WARN_DIRECT_OBJC_ISA_USAGE = YES_ERROR;
				CLANG_WARN_EMPTY_BODY = YES;
				CLANG_WARN_ENUM_CONVERSION = YES;
				CLANG_WARN_INT_CONVERSION = YES;
				CLANG_WARN_OBJC_ROOT_CLASS = YES_ERROR;
				CLANG_WARN_UNREACHABLE_CODE = YES;
				CLANG_WARN__DUPLICATE_METHOD_MATCH = YES;
				"CODE_SIGN_IDENTITY[sdk=iphoneos*]" = "iPhone Developer";
				COPY_PHASE_STRIP = NO;
				ENABLE_STRICT_OBJC_MSGSEND = YES;
				GCC_C_LANGUAGE_STANDARD = gnu99;
				GCC_DYNAMIC_NO_PIC = NO;
				GCC_OPTIMIZATION_LEVEL = 0;
				GCC_PREPROCESSOR_DEFINITIONS = (
					"DEBUG=1",
					"$(inherited)",
				);
				GCC_SYMBOLS_PRIVATE_EXTERN = NO;
				GCC_WARN_64_TO_32_BIT_CONVERSION = YES;
				GCC_WARN_ABOUT_RETURN_TYPE = YES_ERROR;
				GCC_WARN_UNDECLARED_SELECTOR = YES;
				GCC_WARN_UNINITIALIZED_AUTOS = YES_AGGRESSIVE;
				GCC_WARN_UNUSED_FUNCTION = YES;
				GCC_WARN_UNUSED_VARIABLE = YES;
				IPHONEOS_DEPLOYMENT_TARGET = 8.1;
				MTL_ENABLE_DEBUG_INFO = YES;
				ONLY_ACTIVE_ARCH = YES;
				SDKROOT = iphoneos;
			};
			name = Debug;
		};
		B07806CE1A5A56A50072CECA /* Release */ = {
			isa = XCBuildConfiguration;
			buildSettings = {
				ALWAYS_SEARCH_USER_PATHS = NO;
				CLANG_CXX_LANGUAGE_STANDARD = "gnu++0x";
				CLANG_CXX_LIBRARY = "libc++";
				CLANG_ENABLE_MODULES = YES;
				CLANG_ENABLE_OBJC_ARC = YES;
				CLANG_WARN_BOOL_CONVERSION = YES;
				CLANG_WARN_CONSTANT_CONVERSION = YES;
				CLANG_WARN_DIRECT_OBJC_ISA_USAGE = YES_ERROR;
				CLANG_WARN_EMPTY_BODY = YES;
				CLANG_WARN_ENUM_CONVERSION = YES;
				CLANG_WARN_INT_CONVERSION = YES;
				CLANG_WARN_OBJC_ROOT_CLASS = YES_ERROR;
				CLANG_WARN_UNREACHABLE_CODE = YES;
				CLANG_WARN__DUPLICATE_METHOD_MATCH = YES;
				"CODE_SIGN_IDENTITY[sdk=iphoneos*]" = "iPhone Developer";
				COPY_PHASE_STRIP = YES;
				ENABLE_NS_ASSERTIONS = NO;
				ENABLE_STRICT_OBJC_MSGSEND = YES;
				GCC_C_LANGUAGE_STANDARD = gnu99;
				GCC_WARN_64_TO_32_BIT_CONVERSION = YES;
				GCC_WARN_ABOUT_RETURN_TYPE = YES_ERROR;
				GCC_WARN_UNDECLARED_SELECTOR = YES;
				GCC_WARN_UNINITIALIZED_AUTOS = YES_AGGRESSIVE;
				GCC_WARN_UNUSED_FUNCTION = YES;
				GCC_WARN_UNUSED_VARIABLE = YES;
				IPHONEOS_DEPLOYMENT_TARGET = 8.1;
				MTL_ENABLE_DEBUG_INFO = NO;
				SDKROOT = iphoneos;
				VALIDATE_PRODUCT = YES;
			};
			name = Release;
		};
		B07806D01A5A56A50072CECA /* Debug */ = {
			isa = XCBuildConfiguration;
			buildSettings = {
				ASSETCATALOG_COMPILER_APPICON_NAME = AppIcon;
				INFOPLIST_FILE = ActivityViewExample/Info.plist;
				LD_RUNPATH_SEARCH_PATHS = "$(inherited) @executable_path/Frameworks";
				PRODUCT_NAME = "$(TARGET_NAME)";
			};
			name = Debug;
		};
		B07806D11A5A56A50072CECA /* Release */ = {
			isa = XCBuildConfiguration;
			buildSettings = {
				ASSETCATALOG_COMPILER_APPICON_NAME = AppIcon;
				INFOPLIST_FILE = ActivityViewExample/Info.plist;
				LD_RUNPATH_SEARCH_PATHS = "$(inherited) @executable_path/Frameworks";
				PRODUCT_NAME = "$(TARGET_NAME)";
			};
			name = Release;
		};
		B07806D31A5A56A50072CECA /* Debug */ = {
			isa = XCBuildConfiguration;
			buildSettings = {
				BUNDLE_LOADER = "$(TEST_HOST)";
				FRAMEWORK_SEARCH_PATHS = (
					"$(SDKROOT)/Developer/Library/Frameworks",
					"$(inherited)",
				);
				GCC_PREPROCESSOR_DEFINITIONS = (
					"DEBUG=1",
					"$(inherited)",
				);
				INFOPLIST_FILE = ActivityViewExampleTests/Info.plist;
				LD_RUNPATH_SEARCH_PATHS = "$(inherited) @executable_path/Frameworks @loader_path/Frameworks";
				PRODUCT_NAME = "$(TARGET_NAME)";
				TEST_HOST = "$(BUILT_PRODUCTS_DIR)/ActivityViewExample.app/ActivityViewExample";
			};
			name = Debug;
		};
		B07806D41A5A56A50072CECA /* Release */ = {
			isa = XCBuildConfiguration;
			buildSettings = {
				BUNDLE_LOADER = "$(TEST_HOST)";
				FRAMEWORK_SEARCH_PATHS = (
					"$(SDKROOT)/Developer/Library/Frameworks",
					"$(inherited)",
				);
				INFOPLIST_FILE = ActivityViewExampleTests/Info.plist;
				LD_RUNPATH_SEARCH_PATHS = "$(inherited) @executable_path/Frameworks @loader_path/Frameworks";
				PRODUCT_NAME = "$(TARGET_NAME)";
				TEST_HOST = "$(BUILT_PRODUCTS_DIR)/ActivityViewExample.app/ActivityViewExample";
			};
			name = Release;
		};
/* End XCBuildConfiguration section */

/* Begin XCConfigurationList section */
		B07806A71A5A56A50072CECA /* Build configuration list for PBXProject "ActivityViewExample" */ = {
			isa = XCConfigurationList;
			buildConfigurations = (
				B07806CD1A5A56A50072CECA /* Debug */,
				B07806CE1A5A56A50072CECA /* Release */,
			);
			defaultConfigurationIsVisible = 0;
			defaultConfigurationName = Release;
		};
		B07806CF1A5A56A50072CECA /* Build configuration list for PBXNativeTarget "ActivityViewExample" */ = {
			isa = XCConfigurationList;
			buildConfigurations = (
				B07806D01A5A56A50072CECA /* Debug */,
				B07806D11A5A56A50072CECA /* Release */,
			);
			defaultConfigurationIsVisible = 0;
		};
		B07806D21A5A56A50072CECA /* Build configuration list for PBXNativeTarget "ActivityViewExampleTests" */ = {
			isa = XCConfigurationList;
			buildConfigurations = (
				B07806D31A5A56A50072CECA /* Debug */,
				B07806D41A5A56A50072CECA /* Release */,
			);
			defaultConfigurationIsVisible = 0;
		};
/* End XCConfigurationList section */
	};
	rootObject = B07806A41A5A56A50072CECA /* Project object */;
}
